
Microsoft Visual Studio Solution File, Format Version 12.00
# Visual Studio Version 16
VisualStudioVersion = 16.0.29123.88
MinimumVisualStudioVersion = 10.0.40219.1
Project("{9A19103F-16F7-4668-BE54-9A1E7A4F7556}") = "Person", "Person\Person.csproj", "{721FB699-4E34-44A4-9235-7B816B94DDDF}"
EndProject
Project("{9A19103F-16F7-4668-BE54-9A1E7A4F7556}") = "Zoo", "Zoo\Zoo.csproj", "{7EC975FD-C1D8-40A8-B001-EA5A32CE2DC4}"
EndProject
Project("{9A19103F-16F7-4668-BE54-9A1E7A4F7556}") = "PlayersAndMonsters", "PlayersAndMonsters\PlayersAndMonsters.csproj", "{8B9F3AD9-5C66-4335-993A-DD5A4A5DB883}"
EndProject
Project("{9A19103F-16F7-4668-BE54-9A1E7A4F7556}") = "NeedForSpeed", "NeedForSpeed\NeedForSpeed.csproj", "{D451C7A8-1E36-4FFF-89E7-01FD292C4DFC}"
EndProject
Project("{9A19103F-16F7-4668-BE54-9A1E7A4F7556}") = "Restaurant", "Restaurant\Restaurant.csproj", "{2C40809E-1347-4285-8EE8-9CA270590671}"
EndProject
Project("{9A19103F-16F7-4668-BE54-9A1E7A4F7556}") = "Animals", "Animals\Animals.csproj", "{9C116D45-9DF8-44A3-B33B-74BF047092EF}"
EndProject
Global
	GlobalSection(SolutionConfigurationPlatforms) = preSolution
		Debug|Any CPU = Debug|Any CPU
		Release|Any CPU = Release|Any CPU
	EndGlobalSection
	GlobalSection(ProjectConfigurationPlatforms) = postSolution
		{721FB699-4E34-44A4-9235-7B816B94DDDF}.Debug|Any CPU.ActiveCfg = Debug|Any CPU
		{721FB699-4E34-44A4-9235-7B816B94DDDF}.Debug|Any CPU.Build.0 = Debug|Any CPU
		{721FB699-4E34-44A4-9235-7B816B94DDDF}.Release|Any CPU.ActiveCfg = Release|Any CPU
		{721FB699-4E34-44A4-9235-7B816B94DDDF}.Release|Any CPU.Build.0 = Release|Any CPU
		{7EC975FD-C1D8-40A8-B001-EA5A32CE2DC4}.Debug|Any CPU.ActiveCfg = Debug|Any CPU
		{7EC975FD-C1D8-40A8-B001-EA5A32CE2DC4}.Debug|Any CPU.Build.0 = Debug|Any CPU
		{7EC975FD-C1D8-40A8-B001-EA5A32CE2DC4}.Release|Any CPU.ActiveCfg = Release|Any CPU
		{7EC975FD-C1D8-40A8-B001-EA5A32CE2DC4}.Release|Any CPU.Build.0 = Release|Any CPU
		{8B9F3AD9-5C66-4335-993A-DD5A4A5DB883}.Debug|Any CPU.ActiveCfg = Debug|Any CPU
		{8B9F3AD9-5C66-4335-993A-DD5A4A5DB883}.Debug|Any CPU.Build.0 = Debug|Any CPU
		{8B9F3AD9-5C66-4335-993A-DD5A4A5DB883}.Release|Any CPU.ActiveCfg = Release|Any CPU
		{8B9F3AD9-5C66-4335-993A-DD5A4A5DB883}.Release|Any CPU.Build.0 = Release|Any CPU
		{D451C7A8-1E36-4FFF-89E7-01FD292C4DFC}.Debug|Any CPU.ActiveCfg = Debug|Any CPU
		{D451C7A8-1E36-4FFF-89E7-01FD292C4DFC}.Debug|Any CPU.Build.0 = Debug|Any CPU
		{D451C7A8-1E36-4FFF-89E7-01FD292C4DFC}.Release|Any CPU.ActiveCfg = Release|Any CPU
		{D451C7A8-1E36-4FFF-89E7-01FD292C4DFC}.Release|Any CPU.Build.0 = Release|Any CPU
		{2C40809E-1347-4285-8EE8-9CA270590671}.Debug|Any CPU.ActiveCfg = Debug|Any CPU
		{2C40809E-1347-4285-8EE8-9CA270590671}.Debug|Any CPU.Build.0 = Debug|Any CPU
		{2C40809E-1347-4285-8EE8-9CA270590671}.Release|Any CPU.ActiveCfg = Release|Any CPU
		{2C40809E-1347-4285-8EE8-9CA270590671}.Release|Any CPU.Build.0 = Release|Any CPU
		{9C116D45-9DF8-44A3-B33B-74BF047092EF}.Debug|Any CPU.ActiveCfg = Debug|Any CPU
		{9C116D45-9DF8-44A3-B33B-74BF047092EF}.Debug|Any CPU.Build.0 = Debug|Any CPU
		{9C116D45-9DF8-44A3-B33B-74BF047092EF}.Release|Any CPU.ActiveCfg = Release|Any CPU
		{9C116D45-9DF8-44A3-B33B-74BF047092EF}.Release|Any CPU.Build.0 = Release|Any CPU
	EndGlobalSection
	GlobalSection(SolutionProperties) = preSolution
		HideSolutionNode = FALSE
	EndGlobalSection
	GlobalSection(ExtensibilityGlobals) = postSolution
		SolutionGuid = {5680C31D-33EA-4151-8569-2CC9FD00AA8C}
	EndGlobalSection
EndGlobal
