
Microsoft Visual Studio Solution File, Format Version 12.00
# Visual Studio Version 16
VisualStudioVersion = 16.0.29926.136
MinimumVisualStudioVersion = 10.0.40219.1
Project("{FAE04EC0-301F-11D3-BF4B-00C04F79EFBC}") = "Logger", "Logger\Logger.csproj", "{9AC8A36B-D819-46E4-AE4C-F459F2432BA3}"
EndProject
Global
	GlobalSection(SolutionConfigurationPlatforms) = preSolution
		Debug|Any CPU = Debug|Any CPU
		Release|Any CPU = Release|Any CPU
	EndGlobalSection
	GlobalSection(ProjectConfigurationPlatforms) = postSolution
		{9AC8A36B-D819-46E4-AE4C-F459F2432BA3}.Debug|Any CPU.ActiveCfg = Debug|Any CPU
		{9AC8A36B-D819-46E4-AE4C-F459F2432BA3}.Debug|Any CPU.Build.0 = Debug|Any CPU
		{9AC8A36B-D819-46E4-AE4C-F459F2432BA3}.Release|Any CPU.ActiveCfg = Release|Any CPU
		{9AC8A36B-D819-46E4-AE4C-F459F2432BA3}.Release|Any CPU.Build.0 = Release|Any CPU
	EndGlobalSection
	GlobalSection(SolutionProperties) = preSolution
		HideSolutionNode = FALSE
	EndGlobalSection
	GlobalSection(ExtensibilityGlobals) = postSolution
		SolutionGuid = {1B314047-FD62-472D-ABB2-1D4C464E23B9}
	EndGlobalSection
EndGlobal
