
Microsoft Visual Studio Solution File, Format Version 12.00
# Visual Studio Version 16
VisualStudioVersion = 16.0.30011.22
MinimumVisualStudioVersion = 10.0.40219.1
Project("{9A19103F-16F7-4668-BE54-9A1E7A4F7556}") = "SquareRoot", "SquareRoot\SquareRoot.csproj", "{61F8AECE-A411-41B0-B3D5-11BC815C1840}"
EndProject
Project("{FAE04EC0-301F-11D3-BF4B-00C04F79EFBC}") = "EnterNumbers", "EnterNumbers\EnterNumbers.csproj", "{C8CF2EC3-DC73-4EB9-B644-72949EE4F062}"
EndProject
Project("{FAE04EC0-301F-11D3-BF4B-00C04F79EFBC}") = "Fixing", "Fixing\Fixing.csproj", "{3617D7D1-134E-4C37-B99E-D114019D07D2}"
EndProject
Project("{FAE04EC0-301F-11D3-BF4B-00C04F79EFBC}") = "FixingVol2", "FixingVol2\FixingVol2.csproj", "{98E6501D-BD77-4FD4-9F84-407FE6D32BE2}"
EndProject
Project("{FAE04EC0-301F-11D3-BF4B-00C04F79EFBC}") = "Convert.ToDouble", "Convert.ToDouble\Convert.ToDouble.csproj", "{4976A744-9AC4-425F-8855-D9391041C386}"
EndProject
Project("{FAE04EC0-301F-11D3-BF4B-00C04F79EFBC}") = "ValidPerson", "ValidPerson\ValidPerson.csproj", "{7C85C8CF-B3D8-4BEB-ACCE-7EDA944D072B}"
EndProject
Global
	GlobalSection(SolutionConfigurationPlatforms) = preSolution
		Debug|Any CPU = Debug|Any CPU
		Release|Any CPU = Release|Any CPU
	EndGlobalSection
	GlobalSection(ProjectConfigurationPlatforms) = postSolution
		{61F8AECE-A411-41B0-B3D5-11BC815C1840}.Debug|Any CPU.ActiveCfg = Debug|Any CPU
		{61F8AECE-A411-41B0-B3D5-11BC815C1840}.Debug|Any CPU.Build.0 = Debug|Any CPU
		{61F8AECE-A411-41B0-B3D5-11BC815C1840}.Release|Any CPU.ActiveCfg = Release|Any CPU
		{61F8AECE-A411-41B0-B3D5-11BC815C1840}.Release|Any CPU.Build.0 = Release|Any CPU
		{C8CF2EC3-DC73-4EB9-B644-72949EE4F062}.Debug|Any CPU.ActiveCfg = Debug|Any CPU
		{C8CF2EC3-DC73-4EB9-B644-72949EE4F062}.Debug|Any CPU.Build.0 = Debug|Any CPU
		{C8CF2EC3-DC73-4EB9-B644-72949EE4F062}.Release|Any CPU.ActiveCfg = Release|Any CPU
		{C8CF2EC3-DC73-4EB9-B644-72949EE4F062}.Release|Any CPU.Build.0 = Release|Any CPU
		{3617D7D1-134E-4C37-B99E-D114019D07D2}.Debug|Any CPU.ActiveCfg = Debug|Any CPU
		{3617D7D1-134E-4C37-B99E-D114019D07D2}.Debug|Any CPU.Build.0 = Debug|Any CPU
		{3617D7D1-134E-4C37-B99E-D114019D07D2}.Release|Any CPU.ActiveCfg = Release|Any CPU
		{3617D7D1-134E-4C37-B99E-D114019D07D2}.Release|Any CPU.Build.0 = Release|Any CPU
		{98E6501D-BD77-4FD4-9F84-407FE6D32BE2}.Debug|Any CPU.ActiveCfg = Debug|Any CPU
		{98E6501D-BD77-4FD4-9F84-407FE6D32BE2}.Debug|Any CPU.Build.0 = Debug|Any CPU
		{98E6501D-BD77-4FD4-9F84-407FE6D32BE2}.Release|Any CPU.ActiveCfg = Release|Any CPU
		{98E6501D-BD77-4FD4-9F84-407FE6D32BE2}.Release|Any CPU.Build.0 = Release|Any CPU
		{4976A744-9AC4-425F-8855-D9391041C386}.Debug|Any CPU.ActiveCfg = Debug|Any CPU
		{4976A744-9AC4-425F-8855-D9391041C386}.Debug|Any CPU.Build.0 = Debug|Any CPU
		{4976A744-9AC4-425F-8855-D9391041C386}.Release|Any CPU.ActiveCfg = Release|Any CPU
		{4976A744-9AC4-425F-8855-D9391041C386}.Release|Any CPU.Build.0 = Release|Any CPU
		{7C85C8CF-B3D8-4BEB-ACCE-7EDA944D072B}.Debug|Any CPU.ActiveCfg = Debug|Any CPU
		{7C85C8CF-B3D8-4BEB-ACCE-7EDA944D072B}.Debug|Any CPU.Build.0 = Debug|Any CPU
		{7C85C8CF-B3D8-4BEB-ACCE-7EDA944D072B}.Release|Any CPU.ActiveCfg = Release|Any CPU
		{7C85C8CF-B3D8-4BEB-ACCE-7EDA944D072B}.Release|Any CPU.Build.0 = Release|Any CPU
	EndGlobalSection
	GlobalSection(SolutionProperties) = preSolution
		HideSolutionNode = FALSE
	EndGlobalSection
	GlobalSection(ExtensibilityGlobals) = postSolution
		SolutionGuid = {3F3A6641-CE23-4656-96AC-1D5C571CDF43}
	EndGlobalSection
EndGlobal
