
Microsoft Visual Studio Solution File, Format Version 12.00
# Visual Studio Version 16
VisualStudioVersion = 16.0.29920.165
MinimumVisualStudioVersion = 10.0.40219.1
Project("{9A19103F-16F7-4668-BE54-9A1E7A4F7556}") = "MathOperation", "MathOperation\MathOperation.csproj", "{D3AF0618-107C-4E62-852C-42799B76E1F0}"
EndProject
Project("{FAE04EC0-301F-11D3-BF4B-00C04F79EFBC}") = "Animals", "Animals\Animals.csproj", "{0E74A90E-3CA6-4FC4-B672-03278940027E}"
EndProject
Project("{FAE04EC0-301F-11D3-BF4B-00C04F79EFBC}") = "Shapes", "Shapes\Shapes.csproj", "{D715534C-8801-49E5-BB8C-2545B2C4D4D1}"
EndProject
Global
	GlobalSection(SolutionConfigurationPlatforms) = preSolution
		Debug|Any CPU = Debug|Any CPU
		Release|Any CPU = Release|Any CPU
	EndGlobalSection
	GlobalSection(ProjectConfigurationPlatforms) = postSolution
		{D3AF0618-107C-4E62-852C-42799B76E1F0}.Debug|Any CPU.ActiveCfg = Debug|Any CPU
		{D3AF0618-107C-4E62-852C-42799B76E1F0}.Debug|Any CPU.Build.0 = Debug|Any CPU
		{D3AF0618-107C-4E62-852C-42799B76E1F0}.Release|Any CPU.ActiveCfg = Release|Any CPU
		{D3AF0618-107C-4E62-852C-42799B76E1F0}.Release|Any CPU.Build.0 = Release|Any CPU
		{0E74A90E-3CA6-4FC4-B672-03278940027E}.Debug|Any CPU.ActiveCfg = Debug|Any CPU
		{0E74A90E-3CA6-4FC4-B672-03278940027E}.Debug|Any CPU.Build.0 = Debug|Any CPU
		{0E74A90E-3CA6-4FC4-B672-03278940027E}.Release|Any CPU.ActiveCfg = Release|Any CPU
		{0E74A90E-3CA6-4FC4-B672-03278940027E}.Release|Any CPU.Build.0 = Release|Any CPU
		{D715534C-8801-49E5-BB8C-2545B2C4D4D1}.Debug|Any CPU.ActiveCfg = Debug|Any CPU
		{D715534C-8801-49E5-BB8C-2545B2C4D4D1}.Debug|Any CPU.Build.0 = Debug|Any CPU
		{D715534C-8801-49E5-BB8C-2545B2C4D4D1}.Release|Any CPU.ActiveCfg = Release|Any CPU
		{D715534C-8801-49E5-BB8C-2545B2C4D4D1}.Release|Any CPU.Build.0 = Release|Any CPU
	EndGlobalSection
	GlobalSection(SolutionProperties) = preSolution
		HideSolutionNode = FALSE
	EndGlobalSection
	GlobalSection(ExtensibilityGlobals) = postSolution
		SolutionGuid = {C9CFC8B3-3340-400A-B9BD-98ADCED1565D}
	EndGlobalSection
EndGlobal
