
Microsoft Visual Studio Solution File, Format Version 12.00
# Visual Studio Version 16
VisualStudioVersion = 16.0.29920.165
MinimumVisualStudioVersion = 10.0.40219.1
Project("{9A19103F-16F7-4668-BE54-9A1E7A4F7556}") = "DefineAnInterfaceIPerson", "DefineAnInterfaceIPerson\DefineAnInterfaceIPerson.csproj", "{13CC2F88-6990-4CE5-B9F4-76E36F2C10C5}"
EndProject
Project("{FAE04EC0-301F-11D3-BF4B-00C04F79EFBC}") = "MultipleImplementation", "MultipleImplementation\MultipleImplementation.csproj", "{CB4092C0-8EAB-4576-9C43-A7AC0CA257B8}"
EndProject
Global
	GlobalSection(SolutionConfigurationPlatforms) = preSolution
		Debug|Any CPU = Debug|Any CPU
		Release|Any CPU = Release|Any CPU
	EndGlobalSection
	GlobalSection(ProjectConfigurationPlatforms) = postSolution
		{13CC2F88-6990-4CE5-B9F4-76E36F2C10C5}.Debug|Any CPU.ActiveCfg = Debug|Any CPU
		{13CC2F88-6990-4CE5-B9F4-76E36F2C10C5}.Debug|Any CPU.Build.0 = Debug|Any CPU
		{13CC2F88-6990-4CE5-B9F4-76E36F2C10C5}.Release|Any CPU.ActiveCfg = Release|Any CPU
		{13CC2F88-6990-4CE5-B9F4-76E36F2C10C5}.Release|Any CPU.Build.0 = Release|Any CPU
		{CB4092C0-8EAB-4576-9C43-A7AC0CA257B8}.Debug|Any CPU.ActiveCfg = Debug|Any CPU
		{CB4092C0-8EAB-4576-9C43-A7AC0CA257B8}.Debug|Any CPU.Build.0 = Debug|Any CPU
		{CB4092C0-8EAB-4576-9C43-A7AC0CA257B8}.Release|Any CPU.ActiveCfg = Release|Any CPU
		{CB4092C0-8EAB-4576-9C43-A7AC0CA257B8}.Release|Any CPU.Build.0 = Release|Any CPU
	EndGlobalSection
	GlobalSection(SolutionProperties) = preSolution
		HideSolutionNode = FALSE
	EndGlobalSection
	GlobalSection(ExtensibilityGlobals) = postSolution
		SolutionGuid = {A66F11D1-1981-4D08-81C4-326460D5A8E2}
	EndGlobalSection
EndGlobal
