
Microsoft Visual Studio Solution File, Format Version 12.00
# Visual Studio Version 16
VisualStudioVersion = 16.0.29926.136
MinimumVisualStudioVersion = 10.0.40219.1
Project("{9A19103F-16F7-4668-BE54-9A1E7A4F7556}") = "P01.Stream_Progress", "P01.Stream_Progress\P01.Stream_Progress.csproj", "{E46EB35D-4126-4BA1-9AC3-5EE726FEAEA0}"
EndProject
Global
	GlobalSection(SolutionConfigurationPlatforms) = preSolution
		Debug|Any CPU = Debug|Any CPU
		Release|Any CPU = Release|Any CPU
	EndGlobalSection
	GlobalSection(ProjectConfigurationPlatforms) = postSolution
		{E46EB35D-4126-4BA1-9AC3-5EE726FEAEA0}.Debug|Any CPU.ActiveCfg = Debug|Any CPU
		{E46EB35D-4126-4BA1-9AC3-5EE726FEAEA0}.Debug|Any CPU.Build.0 = Debug|Any CPU
		{E46EB35D-4126-4BA1-9AC3-5EE726FEAEA0}.Release|Any CPU.ActiveCfg = Release|Any CPU
		{E46EB35D-4126-4BA1-9AC3-5EE726FEAEA0}.Release|Any CPU.Build.0 = Release|Any CPU
	EndGlobalSection
	GlobalSection(SolutionProperties) = preSolution
		HideSolutionNode = FALSE
	EndGlobalSection
	GlobalSection(ExtensibilityGlobals) = postSolution
		SolutionGuid = {9B746F57-41ED-4440-BA7A-CDC0F9E88DB2}
	EndGlobalSection
EndGlobal
